// !$*UTF8*$!
{
	archiveVersion = 1;
	classes = {
	};
	objectVersion = 56;
	objects = {

/* Begin PBXBuildFile section */
		4F8E2B3E2B0299B8003EF1E8 /* CustomLocationForm.swift in Sources */ = {isa = PBXBuildFile; fileRef = 4F8E2B3D2B0299B8003EF1E8 /* CustomLocationForm.swift */; };
		4F8E2B432B02B9F4003EF1E8 /* ListLocationsViewModel.swift in Sources */ = {isa = PBXBuildFile; fileRef = 4F8E2B422B02B9F4003EF1E8 /* ListLocationsViewModel.swift */; };
		4FD3EAB42AF83DD3009750D7 /* LocationWikiApp.swift in Sources */ = {isa = PBXBuildFile; fileRef = 4FD3EAB32AF83DD3009750D7 /* LocationWikiApp.swift */; };
		4FD3EAB82AF83DD4009750D7 /* Assets.xcassets in Resources */ = {isa = PBXBuildFile; fileRef = 4FD3EAB72AF83DD4009750D7 /* Assets.xcassets */; };
		4FD3EABB2AF83DD4009750D7 /* Preview Assets.xcassets in Resources */ = {isa = PBXBuildFile; fileRef = 4FD3EABA2AF83DD4009750D7 /* Preview Assets.xcassets */; };
		4FD3EADE2AF84982009750D7 /* ListLocationsView.swift in Sources */ = {isa = PBXBuildFile; fileRef = 4FD3EADD2AF84982009750D7 /* ListLocationsView.swift */; };
		4FD3EAE02AF856CF009750D7 /* APIClient.swift in Sources */ = {isa = PBXBuildFile; fileRef = 4FD3EADF2AF856CF009750D7 /* APIClient.swift */; };
		4FD3EAE22AF85C94009750D7 /* Locations.swift in Sources */ = {isa = PBXBuildFile; fileRef = 4FD3EAE12AF85C94009750D7 /* Locations.swift */; };
/* End PBXBuildFile section */

/* Begin PBXContainerItemProxy section */
		4FD3EAC12AF83DD4009750D7 /* PBXContainerItemProxy */ = {
			isa = PBXContainerItemProxy;
			containerPortal = 4FD3EAA82AF83DD3009750D7 /* Project object */;
			proxyType = 1;
			remoteGlobalIDString = 4FD3EAAF2AF83DD3009750D7;
			remoteInfo = LocationWiki;
		};
		4FD3EACB2AF83DD4009750D7 /* PBXContainerItemProxy */ = {
			isa = PBXContainerItemProxy;
			containerPortal = 4FD3EAA82AF83DD3009750D7 /* Project object */;
			proxyType = 1;
			remoteGlobalIDString = 4FD3EAAF2AF83DD3009750D7;
			remoteInfo = LocationWiki;
		};
/* End PBXContainerItemProxy section */

/* Begin PBXFileReference section */
		4F8E2B3D2B0299B8003EF1E8 /* CustomLocationForm.swift */ = {isa = PBXFileReference; lastKnownFileType = sourcecode.swift; path = CustomLocationForm.swift; sourceTree = "<group>"; };
		4F8E2B422B02B9F4003EF1E8 /* ListLocationsViewModel.swift */ = {isa = PBXFileReference; fileEncoding = 4; lastKnownFileType = sourcecode.swift; path = ListLocationsViewModel.swift; sourceTree = "<group>"; };
		4FD3EAB02AF83DD3009750D7 /* LocationWiki.app */ = {isa = PBXFileReference; explicitFileType = wrapper.application; includeInIndex = 0; path = LocationWiki.app; sourceTree = BUILT_PRODUCTS_DIR; };
		4FD3EAB32AF83DD3009750D7 /* LocationWikiApp.swift */ = {isa = PBXFileReference; lastKnownFileType = sourcecode.swift; path = LocationWikiApp.swift; sourceTree = "<group>"; };
		4FD3EAB72AF83DD4009750D7 /* Assets.xcassets */ = {isa = PBXFileReference; lastKnownFileType = folder.assetcatalog; path = Assets.xcassets; sourceTree = "<group>"; };
		4FD3EABA2AF83DD4009750D7 /* Preview Assets.xcassets */ = {isa = PBXFileReference; lastKnownFileType = folder.assetcatalog; path = "Preview Assets.xcassets"; sourceTree = "<group>"; };
		4FD3EAC02AF83DD4009750D7 /* LocationWikiTests.xctest */ = {isa = PBXFileReference; explicitFileType = wrapper.cfbundle; includeInIndex = 0; path = LocationWikiTests.xctest; sourceTree = BUILT_PRODUCTS_DIR; };
		4FD3EACA2AF83DD4009750D7 /* LocationWikiUITests.xctest */ = {isa = PBXFileReference; explicitFileType = wrapper.cfbundle; includeInIndex = 0; path = LocationWikiUITests.xctest; sourceTree = BUILT_PRODUCTS_DIR; };
		4FD3EADD2AF84982009750D7 /* ListLocationsView.swift */ = {isa = PBXFileReference; lastKnownFileType = sourcecode.swift; path = ListLocationsView.swift; sourceTree = "<group>"; };
		4FD3EADF2AF856CF009750D7 /* APIClient.swift */ = {isa = PBXFileReference; lastKnownFileType = sourcecode.swift; path = APIClient.swift; sourceTree = "<group>"; };
		4FD3EAE12AF85C94009750D7 /* Locations.swift */ = {isa = PBXFileReference; lastKnownFileType = sourcecode.swift; path = Locations.swift; sourceTree = "<group>"; };
/* End PBXFileReference section */

/* Begin PBXFrameworksBuildPhase section */
		4FD3EAAD2AF83DD3009750D7 /* Frameworks */ = {
			isa = PBXFrameworksBuildPhase;
			buildActionMask = 2147483647;
			files = (
			);
			runOnlyForDeploymentPostprocessing = 0;
		};
		4FD3EABD2AF83DD4009750D7 /* Frameworks */ = {
			isa = PBXFrameworksBuildPhase;
			buildActionMask = 2147483647;
			files = (
			);
			runOnlyForDeploymentPostprocessing = 0;
		};
		4FD3EAC72AF83DD4009750D7 /* Frameworks */ = {
			isa = PBXFrameworksBuildPhase;
			buildActionMask = 2147483647;
			files = (
			);
			runOnlyForDeploymentPostprocessing = 0;
		};
/* End PBXFrameworksBuildPhase section */

/* Begin PBXGroup section */
		4F8E2B3F2B029E94003EF1E8 /* ListLocations */ = {
			isa = PBXGroup;
			children = (
				4FD3EAE32AF85CD2009750D7 /* Entities */,
				4FD3EAB32AF83DD3009750D7 /* LocationWikiApp.swift */,
				4FD3EADD2AF84982009750D7 /* ListLocationsView.swift */,
				4F8E2B422B02B9F4003EF1E8 /* ListLocationsViewModel.swift */,
				4F8E2B3D2B0299B8003EF1E8 /* CustomLocationForm.swift */,
			);
			path = ListLocations;
			sourceTree = "<group>";
		};
		4FD3EAA72AF83DD3009750D7 = {
			isa = PBXGroup;
			children = (
				4FD3EAB22AF83DD3009750D7 /* LocationWiki */,
				4FD3EAB12AF83DD3009750D7 /* Products */,
			);
			sourceTree = "<group>";
		};
		4FD3EAB12AF83DD3009750D7 /* Products */ = {
			isa = PBXGroup;
			children = (
				4FD3EAB02AF83DD3009750D7 /* LocationWiki.app */,
				4FD3EAC02AF83DD4009750D7 /* LocationWikiTests.xctest */,
				4FD3EACA2AF83DD4009750D7 /* LocationWikiUITests.xctest */,
			);
			name = Products;
			sourceTree = "<group>";
		};
		4FD3EAB22AF83DD3009750D7 /* LocationWiki */ = {
			isa = PBXGroup;
			children = (
				4F8E2B3F2B029E94003EF1E8 /* ListLocations */,
				4FD3EAE42AF85CFA009750D7 /* Network */,
				4FD3EAB72AF83DD4009750D7 /* Assets.xcassets */,
				4FD3EAB92AF83DD4009750D7 /* Preview Content */,
			);
			path = LocationWiki;
			sourceTree = "<group>";
		};
		4FD3EAB92AF83DD4009750D7 /* Preview Content */ = {
			isa = PBXGroup;
			children = (
				4FD3EABA2AF83DD4009750D7 /* Preview Assets.xcassets */,
			);
			path = "Preview Content";
			sourceTree = "<group>";
		};
		4FD3EAE32AF85CD2009750D7 /* Entities */ = {
			isa = PBXGroup;
			children = (
				4FD3EAE12AF85C94009750D7 /* Locations.swift */,
			);
			path = Entities;
			sourceTree = "<group>";
		};
		4FD3EAE42AF85CFA009750D7 /* Network */ = {
			isa = PBXGroup;
			children = (
				4FD3EADF2AF856CF009750D7 /* APIClient.swift */,
			);
			path = Network;
			sourceTree = "<group>";
		};
/* End PBXGroup section */

/* Begin PBXNativeTarget section */
		4FD3EAAF2AF83DD3009750D7 /* LocationWiki */ = {
			isa = PBXNativeTarget;
			buildConfigurationList = 4FD3EAD42AF83DD4009750D7 /* Build configuration list for PBXNativeTarget "LocationWiki" */;
			buildPhases = (
				4FD3EAAC2AF83DD3009750D7 /* Sources */,
				4FD3EAAD2AF83DD3009750D7 /* Frameworks */,
				4FD3EAAE2AF83DD3009750D7 /* Resources */,
			);
			buildRules = (
			);
			dependencies = (
			);
			name = LocationWiki;
			productName = LocationWiki;
			productReference = 4FD3EAB02AF83DD3009750D7 /* LocationWiki.app */;
			productType = "com.apple.product-type.application";
		};
		4FD3EABF2AF83DD4009750D7 /* LocationWikiTests */ = {
			isa = PBXNativeTarget;
			buildConfigurationList = 4FD3EAD72AF83DD4009750D7 /* Build configuration list for PBXNativeTarget "LocationWikiTests" */;
			buildPhases = (
				4FD3EABC2AF83DD4009750D7 /* Sources */,
				4FD3EABD2AF83DD4009750D7 /* Frameworks */,
				4FD3EABE2AF83DD4009750D7 /* Resources */,
			);
			buildRules = (
			);
			dependencies = (
				4FD3EAC22AF83DD4009750D7 /* PBXTargetDependency */,
			);
			name = LocationWikiTests;
			productName = LocationWikiTests;
			productReference = 4FD3EAC02AF83DD4009750D7 /* LocationWikiTests.xctest */;
			productType = "com.apple.product-type.bundle.unit-test";
		};
		4FD3EAC92AF83DD4009750D7 /* LocationWikiUITests */ = {
			isa = PBXNativeTarget;
			buildConfigurationList = 4FD3EADA2AF83DD4009750D7 /* Build configuration list for PBXNativeTarget "LocationWikiUITests" */;
			buildPhases = (
				4FD3EAC62AF83DD4009750D7 /* Sources */,
				4FD3EAC72AF83DD4009750D7 /* Frameworks */,
				4FD3EAC82AF83DD4009750D7 /* Resources */,
			);
			buildRules = (
			);
			dependencies = (
				4FD3EACC2AF83DD4009750D7 /* PBXTargetDependency */,
			);
			name = LocationWikiUITests;
			productName = LocationWikiUITests;
			productReference = 4FD3EACA2AF83DD4009750D7 /* LocationWikiUITests.xctest */;
			productType = "com.apple.product-type.bundle.ui-testing";
		};
/* End PBXNativeTarget section */

/* Begin PBXProject section */
		4FD3EAA82AF83DD3009750D7 /* Project object */ = {
			isa = PBXProject;
			attributes = {
				BuildIndependentTargetsInParallel = 1;
				LastSwiftUpdateCheck = 1500;
				LastUpgradeCheck = 1500;
				TargetAttributes = {
					4FD3EAAF2AF83DD3009750D7 = {
						CreatedOnToolsVersion = 15.0.1;
					};
					4FD3EABF2AF83DD4009750D7 = {
						CreatedOnToolsVersion = 15.0.1;
						TestTargetID = 4FD3EAAF2AF83DD3009750D7;
					};
					4FD3EAC92AF83DD4009750D7 = {
						CreatedOnToolsVersion = 15.0.1;
						TestTargetID = 4FD3EAAF2AF83DD3009750D7;
					};
				};
			};
			buildConfigurationList = 4FD3EAAB2AF83DD3009750D7 /* Build configuration list for PBXProject "LocationWiki" */;
			compatibilityVersion = "Xcode 14.0";
			developmentRegion = en;
			hasScannedForEncodings = 0;
			knownRegions = (
				en,
				Base,
			);
			mainGroup = 4FD3EAA72AF83DD3009750D7;
			productRefGroup = 4FD3EAB12AF83DD3009750D7 /* Products */;
			projectDirPath = "";
			projectRoot = "";
			targets = (
				4FD3EAAF2AF83DD3009750D7 /* LocationWiki */,
				4FD3EABF2AF83DD4009750D7 /* LocationWikiTests */,
				4FD3EAC92AF83DD4009750D7 /* LocationWikiUITests */,
			);
		};
/* End PBXProject section */

/* Begin PBXResourcesBuildPhase section */
		4FD3EAAE2AF83DD3009750D7 /* Resources */ = {
			isa = PBXResourcesBuildPhase;
			buildActionMask = 2147483647;
			files = (
				4FD3EABB2AF83DD4009750D7 /* Preview Assets.xcassets in Resources */,
				4FD3EAB82AF83DD4009750D7 /* Assets.xcassets in Resources */,
			);
			runOnlyForDeploymentPostprocessing = 0;
		};
		4FD3EABE2AF83DD4009750D7 /* Resources */ = {
			isa = PBXResourcesBuildPhase;
			buildActionMask = 2147483647;
			files = (
			);
			runOnlyForDeploymentPostprocessing = 0;
		};
		4FD3EAC82AF83DD4009750D7 /* Resources */ = {
			isa = PBXResourcesBuildPhase;
			buildActionMask = 2147483647;
			files = (
			);
			runOnlyForDeploymentPostprocessing = 0;
		};
/* End PBXResourcesBuildPhase section */

/* Begin PBXSourcesBuildPhase section */
		4FD3EAAC2AF83DD3009750D7 /* Sources */ = {
			isa = PBXSourcesBuildPhase;
			buildActionMask = 2147483647;
			files = (
				4FD3EAB42AF83DD3009750D7 /* LocationWikiApp.swift in Sources */,
				4F8E2B3E2B0299B8003EF1E8 /* CustomLocationForm.swift in Sources */,
				4FD3EADE2AF84982009750D7 /* ListLocationsView.swift in Sources */,
				4F8E2B432B02B9F4003EF1E8 /* ListLocationsViewModel.swift in Sources */,
				4FD3EAE22AF85C94009750D7 /* Locations.swift in Sources */,
				4FD3EAE02AF856CF009750D7 /* APIClient.swift in Sources */,
			);
			runOnlyForDeploymentPostprocessing = 0;
		};
		4FD3EABC2AF83DD4009750D7 /* Sources */ = {
			isa = PBXSourcesBuildPhase;
			buildActionMask = 2147483647;
			files = (
			);
			runOnlyForDeploymentPostprocessing = 0;
		};
		4FD3EAC62AF83DD4009750D7 /* Sources */ = {
			isa = PBXSourcesBuildPhase;
			buildActionMask = 2147483647;
			files = (
			);
			runOnlyForDeploymentPostprocessing = 0;
		};
/* End PBXSourcesBuildPhase section */

/* Begin PBXTargetDependency section */
		4FD3EAC22AF83DD4009750D7 /* PBXTargetDependency */ = {
			isa = PBXTargetDependency;
			target = 4FD3EAAF2AF83DD3009750D7 /* LocationWiki */;
			targetProxy = 4FD3EAC12AF83DD4009750D7 /* PBXContainerItemProxy */;
		};
		4FD3EACC2AF83DD4009750D7 /* PBXTargetDependency */ = {
			isa = PBXTargetDependency;
			target = 4FD3EAAF2AF83DD3009750D7 /* LocationWiki */;
			targetProxy = 4FD3EACB2AF83DD4009750D7 /* PBXContainerItemProxy */;
		};
/* End PBXTargetDependency section */

/* Begin XCBuildConfiguration section */
		4FD3EAD22AF83DD4009750D7 /* Debug */ = {
			isa = XCBuildConfiguration;
			buildSettings = {
				ALWAYS_SEARCH_USER_PATHS = NO;
				ASSETCATALOG_COMPILER_GENERATE_SWIFT_ASSET_SYMBOL_EXTENSIONS = YES;
				CLANG_ANALYZER_NONNULL = YES;
				CLANG_ANALYZER_NUMBER_OBJECT_CONVERSION = YES_AGGRESSIVE;
				CLANG_CXX_LANGUAGE_STANDARD = "gnu++20";
				CLANG_ENABLE_MODULES = YES;
				CLANG_ENABLE_OBJC_ARC = YES;
				CLANG_ENABLE_OBJC_WEAK = YES;
				CLANG_WARN_BLOCK_CAPTURE_AUTORELEASING = YES;
				CLANG_WARN_BOOL_CONVERSION = YES;
				CLANG_WARN_COMMA = YES;
				CLANG_WARN_CONSTANT_CONVERSION = YES;
				CLANG_WARN_DEPRECATED_OBJC_IMPLEMENTATIONS = YES;
				CLANG_WARN_DIRECT_OBJC_ISA_USAGE = YES_ERROR;
				CLANG_WARN_DOCUMENTATION_COMMENTS = YES;
				CLANG_WARN_EMPTY_BODY = YES;
				CLANG_WARN_ENUM_CONVERSION = YES;
				CLANG_WARN_INFINITE_RECURSION = YES;
				CLANG_WARN_INT_CONVERSION = YES;
				CLANG_WARN_NON_LITERAL_NULL_CONVERSION = YES;
				CLANG_WARN_OBJC_IMPLICIT_RETAIN_SELF = YES;
				CLANG_WARN_OBJC_LITERAL_CONVERSION = YES;
				CLANG_WARN_OBJC_ROOT_CLASS = YES_ERROR;
				CLANG_WARN_QUOTED_INCLUDE_IN_FRAMEWORK_HEADER = YES;
				CLANG_WARN_RANGE_LOOP_ANALYSIS = YES;
				CLANG_WARN_STRICT_PROTOTYPES = YES;
				CLANG_WARN_SUSPICIOUS_MOVE = YES;
				CLANG_WARN_UNGUARDED_AVAILABILITY = YES_AGGRESSIVE;
				CLANG_WARN_UNREACHABLE_CODE = YES;
				CLANG_WARN__DUPLICATE_METHOD_MATCH = YES;
				COPY_PHASE_STRIP = NO;
				DEBUG_INFORMATION_FORMAT = dwarf;
				ENABLE_STRICT_OBJC_MSGSEND = YES;
				ENABLE_TESTABILITY = YES;
				ENABLE_USER_SCRIPT_SANDBOXING = YES;
				GCC_C_LANGUAGE_STANDARD = gnu17;
				GCC_DYNAMIC_NO_PIC = NO;
				GCC_NO_COMMON_BLOCKS = YES;
				GCC_OPTIMIZATION_LEVEL = 0;
				GCC_PREPROCESSOR_DEFINITIONS = (
					"DEBUG=1",
					"$(inherited)",
				);
				GCC_WARN_64_TO_32_BIT_CONVERSION = YES;
				GCC_WARN_ABOUT_RETURN_TYPE = YES_ERROR;
				GCC_WARN_UNDECLARED_SELECTOR = YES;
				GCC_WARN_UNINITIALIZED_AUTOS = YES_AGGRESSIVE;
				GCC_WARN_UNUSED_FUNCTION = YES;
				GCC_WARN_UNUSED_VARIABLE = YES;
				IPHONEOS_DEPLOYMENT_TARGET = 17.0;
				LOCALIZATION_PREFERS_STRING_CATALOGS = YES;
				MTL_ENABLE_DEBUG_INFO = INCLUDE_SOURCE;
				MTL_FAST_MATH = YES;
				ONLY_ACTIVE_ARCH = YES;
				SDKROOT = iphoneos;
				SWIFT_ACTIVE_COMPILATION_CONDITIONS = "DEBUG $(inherited)";
				SWIFT_OPTIMIZATION_LEVEL = "-Onone";
			};
			name = Debug;
		};
		4FD3EAD32AF83DD4009750D7 /* Release */ = {
			isa = XCBuildConfiguration;
			buildSettings = {
				ALWAYS_SEARCH_USER_PATHS = NO;
				ASSETCATALOG_COMPILER_GENERATE_SWIFT_ASSET_SYMBOL_EXTENSIONS = YES;
				CLANG_ANALYZER_NONNULL = YES;
				CLANG_ANALYZER_NUMBER_OBJECT_CONVERSION = YES_AGGRESSIVE;
				CLANG_CXX_LANGUAGE_STANDARD = "gnu++20";
				CLANG_ENABLE_MODULES = YES;
				CLANG_ENABLE_OBJC_ARC = YES;
				CLANG_ENABLE_OBJC_WEAK = YES;
				CLANG_WARN_BLOCK_CAPTURE_AUTORELEASING = YES;
				CLANG_WARN_BOOL_CONVERSION = YES;
				CLANG_WARN_COMMA = YES;
				CLANG_WARN_CONSTANT_CONVERSION = YES;
				CLANG_WARN_DEPRECATED_OBJC_IMPLEMENTATIONS = YES;
				CLANG_WARN_DIRECT_OBJC_ISA_USAGE = YES_ERROR;
				CLANG_WARN_DOCUMENTATION_COMMENTS = YES;
				CLANG_WARN_EMPTY_BODY = YES;
				CLANG_WARN_ENUM_CONVERSION = YES;
				CLANG_WARN_INFINITE_RECURSION = YES;
				CLANG_WARN_INT_CONVERSION = YES;
				CLANG_WARN_NON_LITERAL_NULL_CONVERSION = YES;
				CLANG_WARN_OBJC_IMPLICIT_RETAIN_SELF = YES;
				CLANG_WARN_OBJC_LITERAL_CONVERSION = YES;
				CLANG_WARN_OBJC_ROOT_CLASS = YES_ERROR;
				CLANG_WARN_QUOTED_INCLUDE_IN_FRAMEWORK_HEADER = YES;
				CLANG_WARN_RANGE_LOOP_ANALYSIS = YES;
				CLANG_WARN_STRICT_PROTOTYPES = YES;
				CLANG_WARN_SUSPICIOUS_MOVE = YES;
				CLANG_WARN_UNGUARDED_AVAILABILITY = YES_AGGRESSIVE;
				CLANG_WARN_UNREACHABLE_CODE = YES;
				CLANG_WARN__DUPLICATE_METHOD_MATCH = YES;
				COPY_PHASE_STRIP = NO;
				DEBUG_INFORMATION_FORMAT = "dwarf-with-dsym";
				ENABLE_NS_ASSERTIONS = NO;
				ENABLE_STRICT_OBJC_MSGSEND = YES;
				ENABLE_USER_SCRIPT_SANDBOXING = YES;
				GCC_C_LANGUAGE_STANDARD = gnu17;
				GCC_NO_COMMON_BLOCKS = YES;
				GCC_WARN_64_TO_32_BIT_CONVERSION = YES;
				GCC_WARN_ABOUT_RETURN_TYPE = YES_ERROR;
				GCC_WARN_UNDECLARED_SELECTOR = YES;
				GCC_WARN_UNINITIALIZED_AUTOS = YES_AGGRESSIVE;
				GCC_WARN_UNUSED_FUNCTION = YES;
				GCC_WARN_UNUSED_VARIABLE = YES;
				IPHONEOS_DEPLOYMENT_TARGET = 17.0;
				LOCALIZATION_PREFERS_STRING_CATALOGS = YES;
				MTL_ENABLE_DEBUG_INFO = NO;
				MTL_FAST_MATH = YES;
				SDKROOT = iphoneos;
				SWIFT_COMPILATION_MODE = wholemodule;
				VALIDATE_PRODUCT = YES;
			};
			name = Release;
		};
		4FD3EAD52AF83DD4009750D7 /* Debug */ = {
			isa = XCBuildConfiguration;
			buildSettings = {
				ASSETCATALOG_COMPILER_APPICON_NAME = AppIcon;
				ASSETCATALOG_COMPILER_GLOBAL_ACCENT_COLOR_NAME = AccentColor;
				CODE_SIGN_STYLE = Automatic;
				CURRENT_PROJECT_VERSION = 1;
				DEVELOPMENT_ASSET_PATHS = "\"LocationWiki/Preview Content\"";
				DEVELOPMENT_TEAM = DASZZSPXXT;
				ENABLE_PREVIEWS = YES;
				GENERATE_INFOPLIST_FILE = YES;
				INFOPLIST_KEY_UIApplicationSceneManifest_Generation = YES;
				INFOPLIST_KEY_UIApplicationSupportsIndirectInputEvents = YES;
				INFOPLIST_KEY_UILaunchScreen_Generation = YES;
				INFOPLIST_KEY_UISupportedInterfaceOrientations_iPad = "UIInterfaceOrientationPortrait UIInterfaceOrientationPortraitUpsideDown UIInterfaceOrientationLandscapeLeft UIInterfaceOrientationLandscapeRight";
				INFOPLIST_KEY_UISupportedInterfaceOrientations_iPhone = "UIInterfaceOrientationPortrait UIInterfaceOrientationLandscapeLeft UIInterfaceOrientationLandscapeRight";
				LD_RUNPATH_SEARCH_PATHS = (
					"$(inherited)",
					"@executable_path/Frameworks",
				);
				MARKETING_VERSION = 1.0;
				PRODUCT_BUNDLE_IDENTIFIER = com.shehan.abnassesment.LocationWiki;
				PRODUCT_NAME = "$(TARGET_NAME)";
				SUPPORTED_PLATFORMS = "iphoneos iphonesimulator";
				SUPPORTS_MACCATALYST = NO;
				SUPPORTS_MAC_DESIGNED_FOR_IPHONE_IPAD = NO;
				SWIFT_EMIT_LOC_STRINGS = YES;
				SWIFT_VERSION = 5.0;
				TARGETED_DEVICE_FAMILY = 1;
			};
			name = Debug;
		};
		4FD3EAD62AF83DD4009750D7 /* Release */ = {
			isa = XCBuildConfiguration;
			buildSettings = {
				ASSETCATALOG_COMPILER_APPICON_NAME = AppIcon;
				ASSETCATALOG_COMPILER_GLOBAL_ACCENT_COLOR_NAME = AccentColor;
				CODE_SIGN_STYLE = Automatic;
				CURRENT_PROJECT_VERSION = 1;
				DEVELOPMENT_ASSET_PATHS = "\"LocationWiki/Preview Content\"";
				DEVELOPMENT_TEAM = DASZZSPXXT;
				ENABLE_PREVIEWS = YES;
				GENERATE_INFOPLIST_FILE = YES;
				INFOPLIST_KEY_UIApplicationSceneManifest_Generation = YES;
				INFOPLIST_KEY_UIApplicationSupportsIndirectInputEvents = YES;
				INFOPLIST_KEY_UILaunchScreen_Generation = YES;
				INFOPLIST_KEY_UISupportedInterfaceOrientations_iPad = "UIInterfaceOrientationPortrait UIInterfaceOrientationPortraitUpsideDown UIInterfaceOrientationLandscapeLeft UIInterfaceOrientationLandscapeRight";
				INFOPLIST_KEY_UISupportedInterfaceOrientations_iPhone = "UIInterfaceOrientationPortrait UIInterfaceOrientationLandscapeLeft UIInterfaceOrientationLandscapeRight";
				LD_RUNPATH_SEARCH_PATHS = (
					"$(inherited)",
					"@executable_path/Frameworks",
				);
				MARKETING_VERSION = 1.0;
				PRODUCT_BUNDLE_IDENTIFIER = com.shehan.abnassesment.LocationWiki;
				PRODUCT_NAME = "$(TARGET_NAME)";
				SUPPORTED_PLATFORMS = "iphoneos iphonesimulator";
				SUPPORTS_MACCATALYST = NO;
				SUPPORTS_MAC_DESIGNED_FOR_IPHONE_IPAD = NO;
				SWIFT_EMIT_LOC_STRINGS = YES;
				SWIFT_VERSION = 5.0;
				TARGETED_DEVICE_FAMILY = 1;
			};
			name = Release;
		};
		4FD3EAD82AF83DD4009750D7 /* Debug */ = {
			isa = XCBuildConfiguration;
			buildSettings = {
				ALWAYS_EMBED_SWIFT_STANDARD_LIBRARIES = YES;
				BUNDLE_LOADER = "$(TEST_HOST)";
				CODE_SIGN_STYLE = Automatic;
				CURRENT_PROJECT_VERSION = 1;
				DEVELOPMENT_TEAM = DASZZSPXXT;
				GENERATE_INFOPLIST_FILE = YES;
				IPHONEOS_DEPLOYMENT_TARGET = 17.0;
				MARKETING_VERSION = 1.0;
				PRODUCT_BUNDLE_IDENTIFIER = com.shehan.abnassesment.LocationWikiTests;
				PRODUCT_NAME = "$(TARGET_NAME)";
				SWIFT_EMIT_LOC_STRINGS = NO;
				SWIFT_VERSION = 5.0;
				TARGETED_DEVICE_FAMILY = "1,2";
				TEST_HOST = "$(BUILT_PRODUCTS_DIR)/LocationWiki.app/$(BUNDLE_EXECUTABLE_FOLDER_PATH)/LocationWiki";
			};
			name = Debug;
		};
		4FD3EAD92AF83DD4009750D7 /* Release */ = {
			isa = XCBuildConfiguration;
			buildSettings = {
				ALWAYS_EMBED_SWIFT_STANDARD_LIBRARIES = YES;
				BUNDLE_LOADER = "$(TEST_HOST)";
				CODE_SIGN_STYLE = Automatic;
				CURRENT_PROJECT_VERSION = 1;
				DEVELOPMENT_TEAM = DASZZSPXXT;
				GENERATE_INFOPLIST_FILE = YES;
				IPHONEOS_DEPLOYMENT_TARGET = 17.0;
				MARKETING_VERSION = 1.0;
				PRODUCT_BUNDLE_IDENTIFIER = com.shehan.abnassesment.LocationWikiTests;
				PRODUCT_NAME = "$(TARGET_NAME)";
				SWIFT_EMIT_LOC_STRINGS = NO;
				SWIFT_VERSION = 5.0;
				TARGETED_DEVICE_FAMILY = "1,2";
				TEST_HOST = "$(BUILT_PRODUCTS_DIR)/LocationWiki.app/$(BUNDLE_EXECUTABLE_FOLDER_PATH)/LocationWiki";
			};
			name = Release;
		};
		4FD3EADB2AF83DD4009750D7 /* Debug */ = {
			isa = XCBuildConfiguration;
			buildSettings = {
				ALWAYS_EMBED_SWIFT_STANDARD_LIBRARIES = YES;
				CODE_SIGN_STYLE = Automatic;
				CURRENT_PROJECT_VERSION = 1;
				DEVELOPMENT_TEAM = DASZZSPXXT;
				GENERATE_INFOPLIST_FILE = YES;
				MARKETING_VERSION = 1.0;
				PRODUCT_BUNDLE_IDENTIFIER = com.shehan.abnassesment.LocationWikiUITests;
				PRODUCT_NAME = "$(TARGET_NAME)";
				SWIFT_EMIT_LOC_STRINGS = NO;
				SWIFT_VERSION = 5.0;
				TARGETED_DEVICE_FAMILY = "1,2";
				TEST_TARGET_NAME = LocationWiki;
			};
			name = Debug;
		};
		4FD3EADC2AF83DD4009750D7 /* Release */ = {
			isa = XCBuildConfiguration;
			buildSettings = {
				ALWAYS_EMBED_SWIFT_STANDARD_LIBRARIES = YES;
				CODE_SIGN_STYLE = Automatic;
				CURRENT_PROJECT_VERSION = 1;
				DEVELOPMENT_TEAM = DASZZSPXXT;
				GENERATE_INFOPLIST_FILE = YES;
				MARKETING_VERSION = 1.0;
				PRODUCT_BUNDLE_IDENTIFIER = com.shehan.abnassesment.LocationWikiUITests;
				PRODUCT_NAME = "$(TARGET_NAME)";
				SWIFT_EMIT_LOC_STRINGS = NO;
				SWIFT_VERSION = 5.0;
				TARGETED_DEVICE_FAMILY = "1,2";
				TEST_TARGET_NAME = LocationWiki;
			};
			name = Release;
		};
/* End XCBuildConfiguration section */

/* Begin XCConfigurationList section */
		4FD3EAAB2AF83DD3009750D7 /* Build configuration list for PBXProject "LocationWiki" */ = {
			isa = XCConfigurationList;
			buildConfigurations = (
				4FD3EAD22AF83DD4009750D7 /* Debug */,
				4FD3EAD32AF83DD4009750D7 /* Release */,
			);
			defaultConfigurationIsVisible = 0;
			defaultConfigurationName = Release;
		};
		4FD3EAD42AF83DD4009750D7 /* Build configuration list for PBXNativeTarget "LocationWiki" */ = {
			isa = XCConfigurationList;
			buildConfigurations = (
				4FD3EAD52AF83DD4009750D7 /* Debug */,
				4FD3EAD62AF83DD4009750D7 /* Release */,
			);
			defaultConfigurationIsVisible = 0;
			defaultConfigurationName = Release;
		};
		4FD3EAD72AF83DD4009750D7 /* Build configuration list for PBXNativeTarget "LocationWikiTests" */ = {
			isa = XCConfigurationList;
			buildConfigurations = (
				4FD3EAD82AF83DD4009750D7 /* Debug */,
				4FD3EAD92AF83DD4009750D7 /* Release */,
			);
			defaultConfigurationIsVisible = 0;
			defaultConfigurationName = Release;
		};
		4FD3EADA2AF83DD4009750D7 /* Build configuration list for PBXNativeTarget "LocationWikiUITests" */ = {
			isa = XCConfigurationList;
			buildConfigurations = (
				4FD3EADB2AF83DD4009750D7 /* Debug */,
				4FD3EADC2AF83DD4009750D7 /* Release */,
			);
			defaultConfigurationIsVisible = 0;
			defaultConfigurationName = Release;
		};
/* End XCConfigurationList section */
	};
	rootObject = 4FD3EAA82AF83DD3009750D7 /* Project object */;
}
